
Microsoft Visual Studio Solution File, Format Version 12.00
# Visual Studio Version 16
VisualStudioVersion = 16.0.30204.135
MinimumVisualStudioVersion = 10.0.40219.1
Project("{FAE04EC0-301F-11D3-BF4B-00C04F79EFBC}") = "MvcTest", "MvcTest\MvcTest.csproj", "{142CE044-64C6-4260-AA19-624B3C168178}"
EndProject
Global
	GlobalSection(SolutionConfigurationPlatforms) = preSolution
		Debug|Any CPU = Debug|Any CPU
		Release|Any CPU = Release|Any CPU
	EndGlobalSection
	GlobalSection(ProjectConfigurationPlatforms) = postSolution
		{142CE044-64C6-4260-AA19-624B3C168178}.Debug|Any CPU.ActiveCfg = Debug|Any CPU
		{142CE044-64C6-4260-AA19-624B3C168178}.Debug|Any CPU.Build.0 = Debug|Any CPU
		{142CE044-64C6-4260-AA19-624B3C168178}.Release|Any CPU.ActiveCfg = Release|Any CPU
		{142CE044-64C6-4260-AA19-624B3C168178}.Release|Any CPU.Build.0 = Release|Any CPU
	EndGlobalSection
	GlobalSection(SolutionProperties) = preSolution
		HideSolutionNode = FALSE
	EndGlobalSection
	GlobalSection(ExtensibilityGlobals) = postSolution
		SolutionGuid = {C300F124-8671-44F3-8D29-337FADFF606E}
	EndGlobalSection
EndGlobal
